
Microsoft Visual Studio Solution File, Format Version 12.00
# Visual Studio Version 17
VisualStudioVersion = 17.1.32228.430
MinimumVisualStudioVersion = 10.0.40219.1
Project("{FAE04EC0-301F-11D3-BF4B-00C04F79EFBC}") = "StateManagementTechnique(QueryString)", "StateManagementTechnique(QueryString)\StateManagementTechnique(QueryString).csproj", "{7CECF179-9800-4E2C-ADB3-763CAC0C11E5}"
EndProject
Global
	GlobalSection(SolutionConfigurationPlatforms) = preSolution
		Debug|Any CPU = Debug|Any CPU
		Release|Any CPU = Release|Any CPU
	EndGlobalSection
	GlobalSection(ProjectConfigurationPlatforms) = postSolution
		{7CECF179-9800-4E2C-ADB3-763CAC0C11E5}.Debug|Any CPU.ActiveCfg = Debug|Any CPU
		{7CECF179-9800-4E2C-ADB3-763CAC0C11E5}.Debug|Any CPU.Build.0 = Debug|Any CPU
		{7CECF179-9800-4E2C-ADB3-763CAC0C11E5}.Release|Any CPU.ActiveCfg = Release|Any CPU
		{7CECF179-9800-4E2C-ADB3-763CAC0C11E5}.Release|Any CPU.Build.0 = Release|Any CPU
	EndGlobalSection
	GlobalSection(SolutionProperties) = preSolution
		HideSolutionNode = FALSE
	EndGlobalSection
	GlobalSection(ExtensibilityGlobals) = postSolution
		SolutionGuid = {CD8CEF5E-7480-403E-8A73-F968D2D53137}
	EndGlobalSection
EndGlobal
