
Microsoft Visual Studio Solution File, Format Version 12.00
# Visual Studio Version 17
VisualStudioVersion = 17.1.32228.430
MinimumVisualStudioVersion = 10.0.40219.1
Project("{FAE04EC0-301F-11D3-BF4B-00C04F79EFBC}") = "LoginWithSessionInASP.NetCORE", "LoginWithSessionInASP.NetCORE\LoginWithSessionInASP.NetCORE.csproj", "{69323543-7C28-4F25-AB56-5EADB744245B}"
EndProject
Global
	GlobalSection(SolutionConfigurationPlatforms) = preSolution
		Debug|Any CPU = Debug|Any CPU
		Release|Any CPU = Release|Any CPU
	EndGlobalSection
	GlobalSection(ProjectConfigurationPlatforms) = postSolution
		{69323543-7C28-4F25-AB56-5EADB744245B}.Debug|Any CPU.ActiveCfg = Debug|Any CPU
		{69323543-7C28-4F25-AB56-5EADB744245B}.Debug|Any CPU.Build.0 = Debug|Any CPU
		{69323543-7C28-4F25-AB56-5EADB744245B}.Release|Any CPU.ActiveCfg = Release|Any CPU
		{69323543-7C28-4F25-AB56-5EADB744245B}.Release|Any CPU.Build.0 = Release|Any CPU
	EndGlobalSection
	GlobalSection(SolutionProperties) = preSolution
		HideSolutionNode = FALSE
	EndGlobalSection
	GlobalSection(ExtensibilityGlobals) = postSolution
		SolutionGuid = {2DC630E9-CEFC-4886-91BD-772664B6127C}
	EndGlobalSection
EndGlobal
