
Microsoft Visual Studio Solution File, Format Version 12.00
# Visual Studio Version 17
VisualStudioVersion = 17.1.32228.430
MinimumVisualStudioVersion = 10.0.40219.1
Project("{FAE04EC0-301F-11D3-BF4B-00C04F79EFBC}") = "GridView(DELETE_EDIT from Grid)", "GridView(DELETE_EDIT from Grid)\GridView(DELETE_EDIT from Grid).csproj", "{3D88E28F-4BB8-4F39-845F-348DC61C150D}"
EndProject
Global
	GlobalSection(SolutionConfigurationPlatforms) = preSolution
		Debug|Any CPU = Debug|Any CPU
		Release|Any CPU = Release|Any CPU
	EndGlobalSection
	GlobalSection(ProjectConfigurationPlatforms) = postSolution
		{3D88E28F-4BB8-4F39-845F-348DC61C150D}.Debug|Any CPU.ActiveCfg = Debug|Any CPU
		{3D88E28F-4BB8-4F39-845F-348DC61C150D}.Debug|Any CPU.Build.0 = Debug|Any CPU
		{3D88E28F-4BB8-4F39-845F-348DC61C150D}.Release|Any CPU.ActiveCfg = Release|Any CPU
		{3D88E28F-4BB8-4F39-845F-348DC61C150D}.Release|Any CPU.Build.0 = Release|Any CPU
	EndGlobalSection
	GlobalSection(SolutionProperties) = preSolution
		HideSolutionNode = FALSE
	EndGlobalSection
	GlobalSection(ExtensibilityGlobals) = postSolution
		SolutionGuid = {3A56E3A6-49A8-4A8D-824A-2BF940664A97}
	EndGlobalSection
EndGlobal
