
Microsoft Visual Studio Solution File, Format Version 12.00
# Visual Studio Version 16
VisualStudioVersion = 16.0.32126.315
MinimumVisualStudioVersion = 10.0.40219.1
Project("{FAE04EC0-301F-11D3-BF4B-00C04F79EFBC}") = "validation using js", "validation using js\validation using js.csproj", "{46F47AFE-BA47-4088-9A4D-C5B33399067D}"
EndProject
Global
	GlobalSection(SolutionConfigurationPlatforms) = preSolution
		Debug|Any CPU = Debug|Any CPU
		Release|Any CPU = Release|Any CPU
	EndGlobalSection
	GlobalSection(ProjectConfigurationPlatforms) = postSolution
		{46F47AFE-BA47-4088-9A4D-C5B33399067D}.Debug|Any CPU.ActiveCfg = Debug|Any CPU
		{46F47AFE-BA47-4088-9A4D-C5B33399067D}.Debug|Any CPU.Build.0 = Debug|Any CPU
		{46F47AFE-BA47-4088-9A4D-C5B33399067D}.Release|Any CPU.ActiveCfg = Release|Any CPU
		{46F47AFE-BA47-4088-9A4D-C5B33399067D}.Release|Any CPU.Build.0 = Release|Any CPU
	EndGlobalSection
	GlobalSection(SolutionProperties) = preSolution
		HideSolutionNode = FALSE
	EndGlobalSection
	GlobalSection(ExtensibilityGlobals) = postSolution
		SolutionGuid = {6750C97C-03E9-43A9-A3DE-56266AFD35CC}
	EndGlobalSection
EndGlobal
