
Microsoft Visual Studio Solution File, Format Version 12.00
# Visual Studio Version 17
VisualStudioVersion = 17.1.32228.430
MinimumVisualStudioVersion = 10.0.40219.1
Project("{FAE04EC0-301F-11D3-BF4B-00C04F79EFBC}") = "InsertUpdateDeleteUsingMVCASP.NET(netfr)", "InsertUpdateDeleteUsingMVCASP.NET(netfr)\InsertUpdateDeleteUsingMVCASP.NET(netfr).csproj", "{5D9E8D85-E6CB-4AAD-BC98-3BBE1881DB3B}"
EndProject
Global
	GlobalSection(SolutionConfigurationPlatforms) = preSolution
		Debug|Any CPU = Debug|Any CPU
		Release|Any CPU = Release|Any CPU
	EndGlobalSection
	GlobalSection(ProjectConfigurationPlatforms) = postSolution
		{5D9E8D85-E6CB-4AAD-BC98-3BBE1881DB3B}.Debug|Any CPU.ActiveCfg = Debug|Any CPU
		{5D9E8D85-E6CB-4AAD-BC98-3BBE1881DB3B}.Debug|Any CPU.Build.0 = Debug|Any CPU
		{5D9E8D85-E6CB-4AAD-BC98-3BBE1881DB3B}.Release|Any CPU.ActiveCfg = Release|Any CPU
		{5D9E8D85-E6CB-4AAD-BC98-3BBE1881DB3B}.Release|Any CPU.Build.0 = Release|Any CPU
	EndGlobalSection
	GlobalSection(SolutionProperties) = preSolution
		HideSolutionNode = FALSE
	EndGlobalSection
	GlobalSection(ExtensibilityGlobals) = postSolution
		SolutionGuid = {6874CFE1-E282-4051-9015-A8F063323A2F}
	EndGlobalSection
EndGlobal
