
Microsoft Visual Studio Solution File, Format Version 12.00
# Visual Studio Version 17
VisualStudioVersion = 17.1.32228.430
MinimumVisualStudioVersion = 10.0.40219.1
Project("{FAE04EC0-301F-11D3-BF4B-00C04F79EFBC}") = "DataReader(GridView)", "DataReader(GridView)\DataReader(GridView).csproj", "{0F1F4F34-FA63-41F6-A70F-F300C69D3CBA}"
EndProject
Global
	GlobalSection(SolutionConfigurationPlatforms) = preSolution
		Debug|Any CPU = Debug|Any CPU
		Release|Any CPU = Release|Any CPU
	EndGlobalSection
	GlobalSection(ProjectConfigurationPlatforms) = postSolution
		{0F1F4F34-FA63-41F6-A70F-F300C69D3CBA}.Debug|Any CPU.ActiveCfg = Debug|Any CPU
		{0F1F4F34-FA63-41F6-A70F-F300C69D3CBA}.Debug|Any CPU.Build.0 = Debug|Any CPU
		{0F1F4F34-FA63-41F6-A70F-F300C69D3CBA}.Release|Any CPU.ActiveCfg = Release|Any CPU
		{0F1F4F34-FA63-41F6-A70F-F300C69D3CBA}.Release|Any CPU.Build.0 = Release|Any CPU
	EndGlobalSection
	GlobalSection(SolutionProperties) = preSolution
		HideSolutionNode = FALSE
	EndGlobalSection
	GlobalSection(ExtensibilityGlobals) = postSolution
		SolutionGuid = {F2FEA284-A2CE-45BE-8406-F0E234067A77}
	EndGlobalSection
EndGlobal
